
Microsoft Visual Studio Solution File, Format Version 12.00
# Visual Studio Version 16
VisualStudioVersion = 16.0.31105.61
MinimumVisualStudioVersion = 10.0.40219.1
Project("{FAE04EC0-301F-11D3-BF4B-00C04F79EFBC}") = "SumOfDifferenceBetweenProductAndLCM", "SumOfDifferenceBetweenProductAndLCM\SumOfDifferenceBetweenProductAndLCM.csproj", "{11F4E827-FB30-4804-9DBB-152ACAE7F7CB}"
EndProject
Global
	GlobalSection(SolutionConfigurationPlatforms) = preSolution
		Debug|Any CPU = Debug|Any CPU
		Release|Any CPU = Release|Any CPU
	EndGlobalSection
	GlobalSection(ProjectConfigurationPlatforms) = postSolution
		{11F4E827-FB30-4804-9DBB-152ACAE7F7CB}.Debug|Any CPU.ActiveCfg = Debug|Any CPU
		{11F4E827-FB30-4804-9DBB-152ACAE7F7CB}.Debug|Any CPU.Build.0 = Debug|Any CPU
		{11F4E827-FB30-4804-9DBB-152ACAE7F7CB}.Release|Any CPU.ActiveCfg = Release|Any CPU
		{11F4E827-FB30-4804-9DBB-152ACAE7F7CB}.Release|Any CPU.Build.0 = Release|Any CPU
	EndGlobalSection
	GlobalSection(SolutionProperties) = preSolution
		HideSolutionNode = FALSE
	EndGlobalSection
	GlobalSection(ExtensibilityGlobals) = postSolution
		SolutionGuid = {26434C93-11AF-4FDB-82CC-64FBA9B549BD}
	EndGlobalSection
EndGlobal
